
Microsoft Visual Studio Solution File, Format Version 12.00
# Visual Studio Version 16
VisualStudioVersion = 16.0.31515.178
MinimumVisualStudioVersion = 10.0.40219.1
Project("{9A19103F-16F7-4668-BE54-9A1E7A4F7556}") = "Catalog.API", "Catalog.API\Catalog.API.csproj", "{52DF8A14-3B8F-470C-8B2D-BFA2E67910CA}"
EndProject
Project("{E53339B2-1760-4266-BCC7-CA923CBCF16C}") = "docker-compose", "docker-compose.dcproj", "{8E78DFFF-4B7D-4DCE-9790-7CA65F3C6943}"
EndProject
Project("{9A19103F-16F7-4668-BE54-9A1E7A4F7556}") = "Basket.API", "Basket.API\Basket.API.csproj", "{FA3F5291-CFB7-4B7F-8582-0C6F3CAA56DE}"
EndProject
Project("{9A19103F-16F7-4668-BE54-9A1E7A4F7556}") = "Disconunt.API", "Disconunt.API\Disconunt.API.csproj", "{77FBC1B4-A681-4667-84AC-3BF1694B8B00}"
EndProject
Project("{FAE04EC0-301F-11D3-BF4B-00C04F79EFBC}") = "ApiGateway", "ApiGateway\ApiGateway.csproj", "{1C761E5C-8F3B-4E9C-B8CC-A3B551CE7429}"
EndProject
Global
	GlobalSection(SolutionConfigurationPlatforms) = preSolution
		Debug|Any CPU = Debug|Any CPU
		Release|Any CPU = Release|Any CPU
	EndGlobalSection
	GlobalSection(ProjectConfigurationPlatforms) = postSolution
		{52DF8A14-3B8F-470C-8B2D-BFA2E67910CA}.Debug|Any CPU.ActiveCfg = Debug|Any CPU
		{52DF8A14-3B8F-470C-8B2D-BFA2E67910CA}.Debug|Any CPU.Build.0 = Debug|Any CPU
		{52DF8A14-3B8F-470C-8B2D-BFA2E67910CA}.Release|Any CPU.ActiveCfg = Release|Any CPU
		{52DF8A14-3B8F-470C-8B2D-BFA2E67910CA}.Release|Any CPU.Build.0 = Release|Any CPU
		{8E78DFFF-4B7D-4DCE-9790-7CA65F3C6943}.Debug|Any CPU.ActiveCfg = Debug|Any CPU
		{8E78DFFF-4B7D-4DCE-9790-7CA65F3C6943}.Debug|Any CPU.Build.0 = Debug|Any CPU
		{8E78DFFF-4B7D-4DCE-9790-7CA65F3C6943}.Release|Any CPU.ActiveCfg = Release|Any CPU
		{8E78DFFF-4B7D-4DCE-9790-7CA65F3C6943}.Release|Any CPU.Build.0 = Release|Any CPU
		{FA3F5291-CFB7-4B7F-8582-0C6F3CAA56DE}.Debug|Any CPU.ActiveCfg = Debug|Any CPU
		{FA3F5291-CFB7-4B7F-8582-0C6F3CAA56DE}.Debug|Any CPU.Build.0 = Debug|Any CPU
		{FA3F5291-CFB7-4B7F-8582-0C6F3CAA56DE}.Release|Any CPU.ActiveCfg = Release|Any CPU
		{FA3F5291-CFB7-4B7F-8582-0C6F3CAA56DE}.Release|Any CPU.Build.0 = Release|Any CPU
		{77FBC1B4-A681-4667-84AC-3BF1694B8B00}.Debug|Any CPU.ActiveCfg = Debug|Any CPU
		{77FBC1B4-A681-4667-84AC-3BF1694B8B00}.Debug|Any CPU.Build.0 = Debug|Any CPU
		{77FBC1B4-A681-4667-84AC-3BF1694B8B00}.Release|Any CPU.ActiveCfg = Release|Any CPU
		{77FBC1B4-A681-4667-84AC-3BF1694B8B00}.Release|Any CPU.Build.0 = Release|Any CPU
		{1C761E5C-8F3B-4E9C-B8CC-A3B551CE7429}.Debug|Any CPU.ActiveCfg = Debug|Any CPU
		{1C761E5C-8F3B-4E9C-B8CC-A3B551CE7429}.Debug|Any CPU.Build.0 = Debug|Any CPU
		{1C761E5C-8F3B-4E9C-B8CC-A3B551CE7429}.Release|Any CPU.ActiveCfg = Release|Any CPU
		{1C761E5C-8F3B-4E9C-B8CC-A3B551CE7429}.Release|Any CPU.Build.0 = Release|Any CPU
	EndGlobalSection
	GlobalSection(SolutionProperties) = preSolution
		HideSolutionNode = FALSE
	EndGlobalSection
	GlobalSection(ExtensibilityGlobals) = postSolution
		SolutionGuid = {0FDED456-3F88-4949-84DF-6B7A408F42EF}
	EndGlobalSection
EndGlobal
